
Microsoft Visual Studio Solution File, Format Version 12.00
# Visual Studio Version 17
VisualStudioVersion = 17.6.33829.357
MinimumVisualStudioVersion = 10.0.40219.1
Project("{FAE04EC0-301F-11D3-BF4B-00C04F79EFBC}") = "LoginForm", "LoginForm\LoginForm.csproj", "{F32AF330-E5C3-449A-AE01-00DD22C7FC55}"
EndProject
Global
	GlobalSection(SolutionConfigurationPlatforms) = preSolution
		Debug|Any CPU = Debug|Any CPU
		Release|Any CPU = Release|Any CPU
	EndGlobalSection
	GlobalSection(ProjectConfigurationPlatforms) = postSolution
		{F32AF330-E5C3-449A-AE01-00DD22C7FC55}.Debug|Any CPU.ActiveCfg = Debug|Any CPU
		{F32AF330-E5C3-449A-AE01-00DD22C7FC55}.Debug|Any CPU.Build.0 = Debug|Any CPU
		{F32AF330-E5C3-449A-AE01-00DD22C7FC55}.Release|Any CPU.ActiveCfg = Release|Any CPU
		{F32AF330-E5C3-449A-AE01-00DD22C7FC55}.Release|Any CPU.Build.0 = Release|Any CPU
	EndGlobalSection
	GlobalSection(SolutionProperties) = preSolution
		HideSolutionNode = FALSE
	EndGlobalSection
	GlobalSection(ExtensibilityGlobals) = postSolution
		SolutionGuid = {7457F7BD-D676-445F-94EE-A175A7B0F117}
	EndGlobalSection
EndGlobal
